<?xml version="1.0" encoding="utf-8"?>
<Project ToolsVersion="4.0" xmlns="http://schemas.microsoft.com/developer/msbuild/2003">
  <ItemGroup>
    <Filter Include="Source Files">
      <UniqueIdentifier>{4FC737F1-C7A5-4376-A066-2A32D752A2FF}</UniqueIdentifier>
      <Extensions>cpp;c;cc;cxx;def;odl;idl;hpj;bat;asm;asmx</Extensions>
    </Filter>
    <Filter Include="Header Files">
      <UniqueIdentifier>{93995380-89BD-4b04-88EB-625FBE52EBFB}</UniqueIdentifier>
      <Extensions>h;hh;hpp;hxx;hm;inl;inc;ipp;xsd</Extensions>
    </Filter>
    <Filter Include="Resource Files">
      <UniqueIdentifier>{67DA6AB6-F800-4c08-8B7A-83BB121AAD01}</UniqueIdentifier>
      <Extensions>rc;ico;cur;bmp;dlg;rc2;rct;bin;rgs;gif;jpg;jpeg;jpe;resx;tiff;tif;png;wav;mfcribbon-ms</Extensions>
    </Filter>
    <Filter Include="Source Files\SimulationObjects">
      <UniqueIdentifier>{8b986399-84bf-4113-bef7-81f3d1174e95}</UniqueIdentifier>
    </Filter>
    <Filter Include="Header Files\SimulationObjects">
      <UniqueIdentifier>{39482775-04b7-4ff5-960d-3e174ca70a68}</UniqueIdentifier>
    </Filter>
    <Filter Include="Header Files\SimulationObjects\Components">
      <UniqueIdentifier>{ed335d74-68d9-4e18-bb19-c1c72dc33246}</UniqueIdentifier>
    </Filter>
    <Filter Include="Source Files\SimulationObjects\Components">
      <UniqueIdentifier>{e81a1c34-0a01-4179-8444-3d5993100860}</UniqueIdentifier>
    </Filter>
  </ItemGroup>
  <ItemGroup>
    <ClCompile Include="Main.cpp">
      <Filter>Source Files</Filter>
    </ClCompile>
    <ClCompile Include="Simulation.cpp">
      <Filter>Source Files</Filter>
    </ClCompile>
    <ClCompile Include="SimulationObject.cpp">
      <Filter>Source Files\SimulationObjects</Filter>
    </ClCompile>
    <ClCompile Include="Component.cpp">
      <Filter>Source Files\SimulationObjects\Components</Filter>
    </ClCompile>
    <ClCompile Include="Vec.cpp">
      <Filter>Source Files\SimulationObjects</Filter>
    </ClCompile>
    <ClCompile Include="DrawComponent.cpp">
      <Filter>Source Files\SimulationObjects\Components</Filter>
    </ClCompile>
    <ClCompile Include="SunComponent.cpp">
      <Filter>Source Files\SimulationObjects\Components</Filter>
    </ClCompile>
    <ClCompile Include="Skybox.cpp">
      <Filter>Source Files</Filter>
    </ClCompile>
  </ItemGroup>
  <ItemGroup>
    <ClInclude Include="Globals.hpp">
      <Filter>Header Files</Filter>
    </ClInclude>
    <ClInclude Include="Camera.hpp">
      <Filter>Header Files</Filter>
    </ClInclude>
    <ClInclude Include="Simulation.hpp">
      <Filter>Header Files</Filter>
    </ClInclude>
    <ClInclude Include="SimulationObject.hpp">
      <Filter>Header Files\SimulationObjects</Filter>
    </ClInclude>
    <ClInclude Include="Component.hpp">
      <Filter>Header Files\SimulationObjects\Components</Filter>
    </ClInclude>
    <ClInclude Include="Vec.hpp">
      <Filter>Header Files\SimulationObjects</Filter>
    </ClInclude>
    <ClInclude Include="DrawComponent.hpp">
      <Filter>Header Files\SimulationObjects\Components</Filter>
    </ClInclude>
    <ClInclude Include="SunComponent.hpp">
      <Filter>Header Files\SimulationObjects\Components</Filter>
    </ClInclude>
    <ClInclude Include="Skybox.hpp">
      <Filter>Header Files</Filter>
    </ClInclude>
    <ClInclude Include="stb_image.h">
      <Filter>Header Files</Filter>
    </ClInclude>
  </ItemGroup>
  <ItemGroup>
    <Image Include="..\..\skybox\back.jpg">
      <Filter>Resource Files</Filter>
    </Image>
    <Image Include="..\..\skybox\bottom.jpg">
      <Filter>Resource Files</Filter>
    </Image>
    <Image Include="..\..\skybox\front.jpg">
      <Filter>Resource Files</Filter>
    </Image>
    <Image Include="..\..\skybox\left.jpg">
      <Filter>Resource Files</Filter>
    </Image>
    <Image Include="..\..\skybox\right.jpg">
      <Filter>Resource Files</Filter>
    </Image>
    <Image Include="..\..\skybox\top.jpg">
      <Filter>Resource Files</Filter>
    </Image>
  </ItemGroup>
  <ItemGroup>
    <None Include="skybox.vs">
      <Filter>Resource Files</Filter>
    </None>
    <None Include="skybox.fs">
      <Filter>Resource Files</Filter>
    </None>
  </ItemGroup>
</Project>